
Microsoft Visual Studio Solution File, Format Version 12.00
# Visual Studio Version 18
VisualStudioVersion = 18.1.11304.174
MinimumVisualStudioVersion = 10.0.40219.1
Project("{FAE04EC0-301F-11D3-BF4B-00C04F79EFBC}") = "IOC", "IOC\IOC.csproj", "{8AE6C498-0061-41FE-8602-CA9922EFFB0E}"
EndProject
Project("{FAE04EC0-301F-11D3-BF4B-00C04F79EFBC}") = "Domain", "Domain\Domain.csproj", "{7DE1BC8E-498E-4C78-8634-28EDD663C670}"
EndProject
Project("{FAE04EC0-301F-11D3-BF4B-00C04F79EFBC}") = "Application", "Application\Application.csproj", "{AA14190D-1CE2-4FD6-989F-D4A2008BC06B}"
EndProject
Project("{FAE04EC0-301F-11D3-BF4B-00C04F79EFBC}") = "Shared Kernal", "Shared Kernal\Shared Kernal.csproj", "{8AF68EBA-5576-4F78-915B-7388BAAF7433}"
EndProject
Project("{FAE04EC0-301F-11D3-BF4B-00C04F79EFBC}") = "Infrastructure", "Infrastructure\Infrastructure.csproj", "{5872AEB3-BAA3-FE31-B0EB-0FB6DBEDCF83}"
EndProject
Project("{FAE04EC0-301F-11D3-BF4B-00C04F79EFBC}") = "host", "EstartaApplicationServer\host.csproj", "{E4FD2415-D70B-0800-29CC-22791C32A3AB}"
EndProject
Global
	GlobalSection(SolutionConfigurationPlatforms) = preSolution
		Debug|Any CPU = Debug|Any CPU
		Release|Any CPU = Release|Any CPU
	EndGlobalSection
	GlobalSection(ProjectConfigurationPlatforms) = postSolution
		{8AE6C498-0061-41FE-8602-CA9922EFFB0E}.Debug|Any CPU.ActiveCfg = Debug|Any CPU
		{8AE6C498-0061-41FE-8602-CA9922EFFB0E}.Debug|Any CPU.Build.0 = Debug|Any CPU
		{8AE6C498-0061-41FE-8602-CA9922EFFB0E}.Release|Any CPU.ActiveCfg = Release|Any CPU
		{8AE6C498-0061-41FE-8602-CA9922EFFB0E}.Release|Any CPU.Build.0 = Release|Any CPU
		{7DE1BC8E-498E-4C78-8634-28EDD663C670}.Debug|Any CPU.ActiveCfg = Debug|Any CPU
		{7DE1BC8E-498E-4C78-8634-28EDD663C670}.Debug|Any CPU.Build.0 = Debug|Any CPU
		{7DE1BC8E-498E-4C78-8634-28EDD663C670}.Release|Any CPU.ActiveCfg = Release|Any CPU
		{7DE1BC8E-498E-4C78-8634-28EDD663C670}.Release|Any CPU.Build.0 = Release|Any CPU
		{AA14190D-1CE2-4FD6-989F-D4A2008BC06B}.Debug|Any CPU.ActiveCfg = Debug|Any CPU
		{AA14190D-1CE2-4FD6-989F-D4A2008BC06B}.Debug|Any CPU.Build.0 = Debug|Any CPU
		{AA14190D-1CE2-4FD6-989F-D4A2008BC06B}.Release|Any CPU.ActiveCfg = Release|Any CPU
		{AA14190D-1CE2-4FD6-989F-D4A2008BC06B}.Release|Any CPU.Build.0 = Release|Any CPU
		{8AF68EBA-5576-4F78-915B-7388BAAF7433}.Debug|Any CPU.ActiveCfg = Debug|Any CPU
		{8AF68EBA-5576-4F78-915B-7388BAAF7433}.Debug|Any CPU.Build.0 = Debug|Any CPU
		{8AF68EBA-5576-4F78-915B-7388BAAF7433}.Release|Any CPU.ActiveCfg = Release|Any CPU
		{8AF68EBA-5576-4F78-915B-7388BAAF7433}.Release|Any CPU.Build.0 = Release|Any CPU
		{5872AEB3-BAA3-FE31-B0EB-0FB6DBEDCF83}.Debug|Any CPU.ActiveCfg = Debug|Any CPU
		{5872AEB3-BAA3-FE31-B0EB-0FB6DBEDCF83}.Debug|Any CPU.Build.0 = Debug|Any CPU
		{5872AEB3-BAA3-FE31-B0EB-0FB6DBEDCF83}.Release|Any CPU.ActiveCfg = Release|Any CPU
		{5872AEB3-BAA3-FE31-B0EB-0FB6DBEDCF83}.Release|Any CPU.Build.0 = Release|Any CPU
		{E4FD2415-D70B-0800-29CC-22791C32A3AB}.Debug|Any CPU.ActiveCfg = Debug|Any CPU
		{E4FD2415-D70B-0800-29CC-22791C32A3AB}.Debug|Any CPU.Build.0 = Debug|Any CPU
		{E4FD2415-D70B-0800-29CC-22791C32A3AB}.Release|Any CPU.ActiveCfg = Release|Any CPU
		{E4FD2415-D70B-0800-29CC-22791C32A3AB}.Release|Any CPU.Build.0 = Release|Any CPU
	EndGlobalSection
	GlobalSection(SolutionProperties) = preSolution
		HideSolutionNode = FALSE
	EndGlobalSection
	GlobalSection(ExtensibilityGlobals) = postSolution
		SolutionGuid = {69EE7D0E-51CD-4B72-BD5A-E4CA9AC14B5B}
	EndGlobalSection
EndGlobal
